{
  "requires": true,
  "lockfileVersion": 1,
  "dependencies": {
    "clone": {
      "version": "1.0.4",
      "resolved": "https://registry.npmjs.org/clone/-/clone-1.0.4.tgz",
      "integrity": "sha1-2jCcwmPfFZlMaIypAheco8fNfH4=",
      "dev": true
    },
    "controls-gui": {
      "version": "2.0.0",
      "resolved": "https://registry.npmjs.org/controls-gui/-/controls-gui-2.0.0.tgz",
      "integrity": "sha512-biqTR+5fqXnQvXiQ54fA7Ta85O31eG7RxMxSCpwD0/yhAm7ipGNqv9+NLM48BTWsyJXsgC5PDR3wHbKN1i793g==",
      "dev": true,
      "requires": {
        "defaults": "^1.0.3",
        "insert-css": "^2.0.0",
        "preact": "^8.4.2"
      }
    },
    "defaults": {
      "version": "1.0.3",
      "resolved": "https://registry.npmjs.org/defaults/-/defaults-1.0.3.tgz",
      "integrity": "sha1-xlYFHpgX2f8I7YgUd/P+QBnz730=",
      "dev": true,
      "requires": {
        "clone": "^1.0.2"
      }
    },
    "insert-css": {
      "version": "2.0.0",
      "resolved": "https://registry.npmjs.org/insert-css/-/insert-css-2.0.0.tgz",
      "integrity": "sha1-610Ql7dUL0x56jBg067gfQU4gPQ=",
      "dev": true
    },
    "preact": {
      "version": "8.5.3",
      "resolved": "https://registry.npmjs.org/preact/-/preact-8.5.3.tgz",
      "integrity": "sha512-O3kKP+1YdgqHOFsZF2a9JVdtqD+RPzCQc3rP+Ualf7V6rmRDchZ9MJbiGTT7LuyqFKZqlHSOyO/oMFmI2lVTsw==",
      "dev": true
    }
  }
}
